
Microsoft Visual Studio Solution File, Format Version 12.00
# Visual Studio Version 17
VisualStudioVersion = 17.7.34018.315
MinimumVisualStudioVersion = 10.0.40219.1
Project("{FAE04EC0-301F-11D3-BF4B-00C04F79EFBC}") = "4DataTypes", "4DataTypes\4DataTypes.csproj", "{BA807CBD-ED28-449C-804A-197E7D70AD4B}"
EndProject
Global
	GlobalSection(SolutionConfigurationPlatforms) = preSolution
		Debug|Any CPU = Debug|Any CPU
		Release|Any CPU = Release|Any CPU
	EndGlobalSection
	GlobalSection(ProjectConfigurationPlatforms) = postSolution
		{BA807CBD-ED28-449C-804A-197E7D70AD4B}.Debug|Any CPU.ActiveCfg = Debug|Any CPU
		{BA807CBD-ED28-449C-804A-197E7D70AD4B}.Debug|Any CPU.Build.0 = Debug|Any CPU
		{BA807CBD-ED28-449C-804A-197E7D70AD4B}.Release|Any CPU.ActiveCfg = Release|Any CPU
		{BA807CBD-ED28-449C-804A-197E7D70AD4B}.Release|Any CPU.Build.0 = Release|Any CPU
	EndGlobalSection
	GlobalSection(SolutionProperties) = preSolution
		HideSolutionNode = FALSE
	EndGlobalSection
	GlobalSection(ExtensibilityGlobals) = postSolution
		SolutionGuid = {54F46F3F-F2FB-46C9-A5FA-E24B178353BD}
	EndGlobalSection
EndGlobal
